
Microsoft Visual Studio Solution File, Format Version 12.00
# Visual Studio Version 17
VisualStudioVersion = 17.11.35327.3
MinimumVisualStudioVersion = 10.0.40219.1
Project("{FAE04EC0-301F-11D3-BF4B-00C04F79EFBC}") = "StreamsDemo", "StreamsDemo\StreamsDemo.csproj", "{D4A5930A-E546-4B45-AE9E-931BC96CB982}"
EndProject
Project("{FAE04EC0-301F-11D3-BF4B-00C04F79EFBC}") = "Exercise", "Exercise\Exercise.csproj", "{3ADD838C-A112-406B-8BB8-8FE569C30797}"
EndProject
Global
	GlobalSection(SolutionConfigurationPlatforms) = preSolution
		Debug|Any CPU = Debug|Any CPU
		Release|Any CPU = Release|Any CPU
	EndGlobalSection
	GlobalSection(ProjectConfigurationPlatforms) = postSolution
		{D4A5930A-E546-4B45-AE9E-931BC96CB982}.Debug|Any CPU.ActiveCfg = Debug|Any CPU
		{D4A5930A-E546-4B45-AE9E-931BC96CB982}.Debug|Any CPU.Build.0 = Debug|Any CPU
		{D4A5930A-E546-4B45-AE9E-931BC96CB982}.Release|Any CPU.ActiveCfg = Release|Any CPU
		{D4A5930A-E546-4B45-AE9E-931BC96CB982}.Release|Any CPU.Build.0 = Release|Any CPU
		{3ADD838C-A112-406B-8BB8-8FE569C30797}.Debug|Any CPU.ActiveCfg = Debug|Any CPU
		{3ADD838C-A112-406B-8BB8-8FE569C30797}.Debug|Any CPU.Build.0 = Debug|Any CPU
		{3ADD838C-A112-406B-8BB8-8FE569C30797}.Release|Any CPU.ActiveCfg = Release|Any CPU
		{3ADD838C-A112-406B-8BB8-8FE569C30797}.Release|Any CPU.Build.0 = Release|Any CPU
	EndGlobalSection
	GlobalSection(SolutionProperties) = preSolution
		HideSolutionNode = FALSE
	EndGlobalSection
	GlobalSection(ExtensibilityGlobals) = postSolution
		SolutionGuid = {E2D675F4-94C3-42CE-BD4C-600C16263711}
	EndGlobalSection
EndGlobal
